
Microsoft Visual Studio Solution File, Format Version 12.00
# Visual Studio Version 17
VisualStudioVersion = 17.3.32901.215
MinimumVisualStudioVersion = 10.0.40219.1
Project("{FAE04EC0-301F-11D3-BF4B-00C04F79EFBC}") = "examen_algoritmo_CERON_ENRIQUEZ_NOE_FERNANDO", "examen_algoritmo_CERON_ENRIQUEZ_NOE_FERNANDO.csproj", "{0D7532EA-0804-447F-8C2B-04BB08D2E048}"
EndProject
Global
	GlobalSection(SolutionConfigurationPlatforms) = preSolution
		Debug|Any CPU = Debug|Any CPU
		Release|Any CPU = Release|Any CPU
	EndGlobalSection
	GlobalSection(ProjectConfigurationPlatforms) = postSolution
		{0D7532EA-0804-447F-8C2B-04BB08D2E048}.Debug|Any CPU.ActiveCfg = Debug|Any CPU
		{0D7532EA-0804-447F-8C2B-04BB08D2E048}.Debug|Any CPU.Build.0 = Debug|Any CPU
		{0D7532EA-0804-447F-8C2B-04BB08D2E048}.Release|Any CPU.ActiveCfg = Release|Any CPU
		{0D7532EA-0804-447F-8C2B-04BB08D2E048}.Release|Any CPU.Build.0 = Release|Any CPU
	EndGlobalSection
	GlobalSection(SolutionProperties) = preSolution
		HideSolutionNode = FALSE
	EndGlobalSection
	GlobalSection(ExtensibilityGlobals) = postSolution
		SolutionGuid = {AE0C6946-1BF6-4573-9FCE-33E6F53D7207}
	EndGlobalSection
EndGlobal
